// !$*UTF8*$!
{
	archiveVersion = 1;
	classes = {
	};
	objectVersion = 77;
	objects = {

/* Begin PBXBuildFile section */
		3E1692D42FBFD4CB00EDFAD9 /* ReadMe.md in Resources */ = {isa = PBXBuildFile; fileRef = 3E1692D22FBFD4BC00EDFAD9 /* ReadMe.md */; };
		3E96FADC2FC37D7A0001754D /* AutoTrayModels.swift in Sources */ = {isa = PBXBuildFile; fileRef = 3E96FAAD2FC37D7A0001754D /* AutoTrayModels.swift */; };
		3E96FADF2FC37D7A0001754D /* DecisionLog.swift in Sources */ = {isa = PBXBuildFile; fileRef = 3E96FAB02FC37D7A0001754D /* DecisionLog.swift */; };
		3E96FAE02FC37D7A0001754D /* EvaluationModels.swift in Sources */ = {isa = PBXBuildFile; fileRef = 3E96FAB12FC37D7A0001754D /* EvaluationModels.swift */; };
		3E96FAE22FC37D7A0001754D /* LowCarbRule.swift in Sources */ = {isa = PBXBuildFile; fileRef = 3E96FAB32FC37D7A0001754D /* LowCarbRule.swift */; };
		3E96FAE32FC37D7A0001754D /* LowSodiumRule.swift in Sources */ = {isa = PBXBuildFile; fileRef = 3E96FAB42FC37D7A0001754D /* LowSodiumRule.swift */; };
		3E96FAE62FC37D7A0001754D /* Rule.swift in Sources */ = {isa = PBXBuildFile; fileRef = 3E96FAB72FC37D7A0001754D /* Rule.swift */; };
		3E96FAE72FC37D7A0001754D /* RuleFactory.swift in Sources */ = {isa = PBXBuildFile; fileRef = 3E96FAB82FC37D7A0001754D /* RuleFactory.swift */; };
		3E96FAE82FC37D7A0001754D /* RuleResult.swift in Sources */ = {isa = PBXBuildFile; fileRef = 3E96FAB92FC37D7A0001754D /* RuleResult.swift */; };
		3E96FAE92FC37D7A0001754D /* VegetarianRule.swift in Sources */ = {isa = PBXBuildFile; fileRef = 3E96FABA2FC37D7A0001754D /* VegetarianRule.swift */; };
		3E96FAEA2FC37D7A0001754D /* CreateTrayView.swift in Sources */ = {isa = PBXBuildFile; fileRef = 3E96FABF2FC37D7A0001754D /* CreateTrayView.swift */; };
		3E96FAEB2FC37D7A0001754D /* DailySpecialModels.swift in Sources */ = {isa = PBXBuildFile; fileRef = 3E96FAC02FC37D7A0001754D /* DailySpecialModels.swift */; };
		3E96FAEC2FC37D7A0001754D /* DailySpecialStore.swift in Sources */ = {isa = PBXBuildFile; fileRef = 3E96FAC22FC37D7A0001754D /* DailySpecialStore.swift */; };
		3E96FAED2FC37D7A0001754D /* DailySpecialView.swift in Sources */ = {isa = PBXBuildFile; fileRef = 3E96FAC32FC37D7A0001754D /* DailySpecialView.swift */; };
		3E96FAEE2FC37D7A0001754D /* DecisionHistoryView.swift in Sources */ = {isa = PBXBuildFile; fileRef = 3E96FAC42FC37D7A0001754D /* DecisionHistoryView.swift */; };
		3E96FAEF2FC37D7A0001754D /* DefaultTrayGenerator.swift in Sources */ = {isa = PBXBuildFile; fileRef = 3E96FAC52FC37D7A0001754D /* DefaultTrayGenerator.swift */; };
		3E96FAF02FC37D7A0001754D /* DietKitIndicator.swift in Sources */ = {isa = PBXBuildFile; fileRef = 3E96FAC62FC37D7A0001754D /* DietKitIndicator.swift */; };
		3E96FAF32FC37D7A0001754D /* ItemExplanationView.swift in Sources */ = {isa = PBXBuildFile; fileRef = 3E96FACA2FC37D7A0001754D /* ItemExplanationView.swift */; };
		3E96FAF42FC37D7A0001754D /* ItemSelectionView.swift in Sources */ = {isa = PBXBuildFile; fileRef = 3E96FACB2FC37D7A0001754D /* ItemSelectionView.swift */; };
		3E96FAF52FC37D7A0001754D /* ItemView.swift in Sources */ = {isa = PBXBuildFile; fileRef = 3E96FACC2FC37D7A0001754D /* ItemView.swift */; };
		3E96FAF62FC37D7A0001754D /* MenuAddView.swift in Sources */ = {isa = PBXBuildFile; fileRef = 3E96FACE2FC37D7A0001754D /* MenuAddView.swift */; };
		3E96FAF72FC37D7A0001754D /* MenuBrowserView.swift in Sources */ = {isa = PBXBuildFile; fileRef = 3E96FACF2FC37D7A0001754D /* MenuBrowserView.swift */; };
		3E96FAF82FC37D7A0001754D /* MenuDataProvider.swift in Sources */ = {isa = PBXBuildFile; fileRef = 3E96FAD02FC37D7A0001754D /* MenuDataProvider.swift */; };
		3E96FAF92FC37D7A0001754D /* MenuItemRow.swift in Sources */ = {isa = PBXBuildFile; fileRef = 3E96FAD12FC37D7A0001754D /* MenuItemRow.swift */; };
		3E96FAFA2FC37D7A0001754D /* MenuItemStore.swift in Sources */ = {isa = PBXBuildFile; fileRef = 3E96FAD22FC37D7A0001754D /* MenuItemStore.swift */; };
		3E96FAFB2FC37D7A0001754D /* MenuRow.swift in Sources */ = {isa = PBXBuildFile; fileRef = 3E96FAD32FC37D7A0001754D /* MenuRow.swift */; };
		3E96FAFC2FC37D7A0001754D /* MenuView.swift in Sources */ = {isa = PBXBuildFile; fileRef = 3E96FAD42FC37D7A0001754D /* MenuView.swift */; };
		3E96FAFD2FC37D7A0001754D /* MenuViewModel.swift in Sources */ = {isa = PBXBuildFile; fileRef = 3E96FAD52FC37D7A0001754D /* MenuViewModel.swift */; };
		3E96FAFE2FC37D7A0001754D /* MultiSelectToggle.swift in Sources */ = {isa = PBXBuildFile; fileRef = 3E96FAD62FC37D7A0001754D /* MultiSelectToggle.swift */; };
		3E96FAFF2FC37D7A0001754D /* RulesEngine.swift in Sources */ = {isa = PBXBuildFile; fileRef = 3E96FAD72FC37D7A0001754D /* RulesEngine.swift */; };
		3E96FB002FC37D7A0001754D /* TrayDetailView.swift in Sources */ = {isa = PBXBuildFile; fileRef = 3E96FAD92FC37D7A0001754D /* TrayDetailView.swift */; };
		3E96FB012FC37D7A0001754D /* TrayRowView.swift in Sources */ = {isa = PBXBuildFile; fileRef = 3E96FADA2FC37D7A0001754D /* TrayRowView.swift */; };
		3E96FB022FC37D7A0001754D /* TraysListView.swift in Sources */ = {isa = PBXBuildFile; fileRef = 3E96FADB2FC37D7A0001754D /* TraysListView.swift */; };
		3EFCC2D42FC4CFE5007ECA55 /* CycleMenuStore.swift in Sources */ = {isa = PBXBuildFile; fileRef = 3EFCC2D32FC4CFD7007ECA55 /* CycleMenuStore.swift */; };
		3EFCC2D82FCA307F007ECA55 /* ParsedTrayRequest.swift in Sources */ = {isa = PBXBuildFile; fileRef = 3EFCC2D72FCA304F007ECA55 /* ParsedTrayRequest.swift */; };
		3EFCC2DA2FCC7EB4007ECA55 /* TrayRequestExtraction.swift in Sources */ = {isa = PBXBuildFile; fileRef = 3EFCC2D92FCC7EAA007ECA55 /* TrayRequestExtraction.swift */; };
		3EFCC2DC2FCC82D0007ECA55 /* TrayRequestMapper.swift in Sources */ = {isa = PBXBuildFile; fileRef = 3EFCC2DB2FCC82CA007ECA55 /* TrayRequestMapper.swift */; };
		3EFCC2DE2FCC945A007ECA55 /* FakeTrayRequestParser.swift in Sources */ = {isa = PBXBuildFile; fileRef = 3EFCC2DD2FCC944E007ECA55 /* FakeTrayRequestParser.swift */; };
		3EFCC2E02FCC9CD7007ECA55 /* AIParsingView.swift in Sources */ = {isa = PBXBuildFile; fileRef = 3EFCC2DF2FCC9CD7007ECA55 /* AIParsingView.swift */; };
		3EFCC2E22FCCB492007ECA55 /* TrayRequestParsing.swift in Sources */ = {isa = PBXBuildFile; fileRef = 3EFCC2E12FCCB482007ECA55 /* TrayRequestParsing.swift */; };
/* End PBXBuildFile section */

/* Begin PBXContainerItemProxy section */
		3E1692CD2FB76D7900EDFAD9 /* PBXContainerItemProxy */ = {
			isa = PBXContainerItemProxy;
			containerPortal = 3EBB98422EA1C55900A71481 /* Project object */;
			proxyType = 1;
			remoteGlobalIDString = 3EBB98492EA1C55900A71481;
			remoteInfo = Host;
		};
/* End PBXContainerItemProxy section */

/* Begin PBXFileReference section */
		3E1692C92FB76D7900EDFAD9 /* HostTests.xctest */ = {isa = PBXFileReference; explicitFileType = wrapper.cfbundle; includeInIndex = 0; path = HostTests.xctest; sourceTree = BUILT_PRODUCTS_DIR; };
		3E1692D22FBFD4BC00EDFAD9 /* ReadMe.md */ = {isa = PBXFileReference; lastKnownFileType = net.daringfireball.markdown; path = ReadMe.md; sourceTree = "<group>"; };
		3E96FAAD2FC37D7A0001754D /* AutoTrayModels.swift */ = {isa = PBXFileReference; lastKnownFileType = sourcecode.swift; path = AutoTrayModels.swift; sourceTree = "<group>"; };
		3E96FAB02FC37D7A0001754D /* DecisionLog.swift */ = {isa = PBXFileReference; lastKnownFileType = sourcecode.swift; path = DecisionLog.swift; sourceTree = "<group>"; };
		3E96FAB12FC37D7A0001754D /* EvaluationModels.swift */ = {isa = PBXFileReference; lastKnownFileType = sourcecode.swift; path = EvaluationModels.swift; sourceTree = "<group>"; };
		3E96FAB32FC37D7A0001754D /* LowCarbRule.swift */ = {isa = PBXFileReference; lastKnownFileType = sourcecode.swift; path = LowCarbRule.swift; sourceTree = "<group>"; };
		3E96FAB42FC37D7A0001754D /* LowSodiumRule.swift */ = {isa = PBXFileReference; lastKnownFileType = sourcecode.swift; path = LowSodiumRule.swift; sourceTree = "<group>"; };
		3E96FAB72FC37D7A0001754D /* Rule.swift */ = {isa = PBXFileReference; lastKnownFileType = sourcecode.swift; path = Rule.swift; sourceTree = "<group>"; };
		3E96FAB82FC37D7A0001754D /* RuleFactory.swift */ = {isa = PBXFileReference; lastKnownFileType = sourcecode.swift; path = RuleFactory.swift; sourceTree = "<group>"; };
		3E96FAB92FC37D7A0001754D /* RuleResult.swift */ = {isa = PBXFileReference; lastKnownFileType = sourcecode.swift; path = RuleResult.swift; sourceTree = "<group>"; };
		3E96FABA2FC37D7A0001754D /* VegetarianRule.swift */ = {isa = PBXFileReference; lastKnownFileType = sourcecode.swift; path = VegetarianRule.swift; sourceTree = "<group>"; };
		3E96FABF2FC37D7A0001754D /* CreateTrayView.swift */ = {isa = PBXFileReference; lastKnownFileType = sourcecode.swift; path = CreateTrayView.swift; sourceTree = "<group>"; };
		3E96FAC02FC37D7A0001754D /* DailySpecialModels.swift */ = {isa = PBXFileReference; lastKnownFileType = sourcecode.swift; path = DailySpecialModels.swift; sourceTree = "<group>"; };
		3E96FAC22FC37D7A0001754D /* DailySpecialStore.swift */ = {isa = PBXFileReference; lastKnownFileType = sourcecode.swift; path = DailySpecialStore.swift; sourceTree = "<group>"; };
		3E96FAC32FC37D7A0001754D /* DailySpecialView.swift */ = {isa = PBXFileReference; lastKnownFileType = sourcecode.swift; path = DailySpecialView.swift; sourceTree = "<group>"; };
		3E96FAC42FC37D7A0001754D /* DecisionHistoryView.swift */ = {isa = PBXFileReference; lastKnownFileType = sourcecode.swift; path = DecisionHistoryView.swift; sourceTree = "<group>"; };
		3E96FAC52FC37D7A0001754D /* DefaultTrayGenerator.swift */ = {isa = PBXFileReference; lastKnownFileType = sourcecode.swift; path = DefaultTrayGenerator.swift; sourceTree = "<group>"; };
		3E96FAC62FC37D7A0001754D /* DietKitIndicator.swift */ = {isa = PBXFileReference; lastKnownFileType = sourcecode.swift; path = DietKitIndicator.swift; sourceTree = "<group>"; };
		3E96FACA2FC37D7A0001754D /* ItemExplanationView.swift */ = {isa = PBXFileReference; lastKnownFileType = sourcecode.swift; path = ItemExplanationView.swift; sourceTree = "<group>"; };
		3E96FACB2FC37D7A0001754D /* ItemSelectionView.swift */ = {isa = PBXFileReference; lastKnownFileType = sourcecode.swift; path = ItemSelectionView.swift; sourceTree = "<group>"; };
		3E96FACC2FC37D7A0001754D /* ItemView.swift */ = {isa = PBXFileReference; lastKnownFileType = sourcecode.swift; path = ItemView.swift; sourceTree = "<group>"; };
		3E96FACE2FC37D7A0001754D /* MenuAddView.swift */ = {isa = PBXFileReference; lastKnownFileType = sourcecode.swift; path = MenuAddView.swift; sourceTree = "<group>"; };
		3E96FACF2FC37D7A0001754D /* MenuBrowserView.swift */ = {isa = PBXFileReference; lastKnownFileType = sourcecode.swift; path = MenuBrowserView.swift; sourceTree = "<group>"; };
		3E96FAD02FC37D7A0001754D /* MenuDataProvider.swift */ = {isa = PBXFileReference; lastKnownFileType = sourcecode.swift; path = MenuDataProvider.swift; sourceTree = "<group>"; };
		3E96FAD12FC37D7A0001754D /* MenuItemRow.swift */ = {isa = PBXFileReference; lastKnownFileType = sourcecode.swift; path = MenuItemRow.swift; sourceTree = "<group>"; };
		3E96FAD22FC37D7A0001754D /* MenuItemStore.swift */ = {isa = PBXFileReference; lastKnownFileType = sourcecode.swift; path = MenuItemStore.swift; sourceTree = "<group>"; };
		3E96FAD32FC37D7A0001754D /* MenuRow.swift */ = {isa = PBXFileReference; lastKnownFileType = sourcecode.swift; path = MenuRow.swift; sourceTree = "<group>"; };
		3E96FAD42FC37D7A0001754D /* MenuView.swift */ = {isa = PBXFileReference; lastKnownFileType = sourcecode.swift; path = MenuView.swift; sourceTree = "<group>"; };
		3E96FAD52FC37D7A0001754D /* MenuViewModel.swift */ = {isa = PBXFileReference; lastKnownFileType = sourcecode.swift; path = MenuViewModel.swift; sourceTree = "<group>"; };
		3E96FAD62FC37D7A0001754D /* MultiSelectToggle.swift */ = {isa = PBXFileReference; lastKnownFileType = sourcecode.swift; path = MultiSelectToggle.swift; sourceTree = "<group>"; };
		3E96FAD72FC37D7A0001754D /* RulesEngine.swift */ = {isa = PBXFileReference; lastKnownFileType = sourcecode.swift; path = RulesEngine.swift; sourceTree = "<group>"; };
		3E96FAD92FC37D7A0001754D /* TrayDetailView.swift */ = {isa = PBXFileReference; lastKnownFileType = sourcecode.swift; path = TrayDetailView.swift; sourceTree = "<group>"; };
		3E96FADA2FC37D7A0001754D /* TrayRowView.swift */ = {isa = PBXFileReference; lastKnownFileType = sourcecode.swift; path = TrayRowView.swift; sourceTree = "<group>"; };
		3E96FADB2FC37D7A0001754D /* TraysListView.swift */ = {isa = PBXFileReference; lastKnownFileType = sourcecode.swift; path = TraysListView.swift; sourceTree = "<group>"; };
		3EBB984A2EA1C55900A71481 /* Host.app */ = {isa = PBXFileReference; explicitFileType = wrapper.application; includeInIndex = 0; path = Host.app; sourceTree = BUILT_PRODUCTS_DIR; };
		3EFCC2D32FC4CFD7007ECA55 /* CycleMenuStore.swift */ = {isa = PBXFileReference; lastKnownFileType = sourcecode.swift; path = CycleMenuStore.swift; sourceTree = "<group>"; };
		3EFCC2D72FCA304F007ECA55 /* ParsedTrayRequest.swift */ = {isa = PBXFileReference; lastKnownFileType = sourcecode.swift; path = ParsedTrayRequest.swift; sourceTree = "<group>"; };
		3EFCC2D92FCC7EAA007ECA55 /* TrayRequestExtraction.swift */ = {isa = PBXFileReference; lastKnownFileType = sourcecode.swift; path = TrayRequestExtraction.swift; sourceTree = "<group>"; };
		3EFCC2DB2FCC82CA007ECA55 /* TrayRequestMapper.swift */ = {isa = PBXFileReference; lastKnownFileType = sourcecode.swift; path = TrayRequestMapper.swift; sourceTree = "<group>"; };
		3EFCC2DD2FCC944E007ECA55 /* FakeTrayRequestParser.swift */ = {isa = PBXFileReference; lastKnownFileType = sourcecode.swift; path = FakeTrayRequestParser.swift; sourceTree = "<group>"; };
		3EFCC2DF2FCC9CD7007ECA55 /* AIParsingView.swift */ = {isa = PBXFileReference; lastKnownFileType = sourcecode.swift; path = AIParsingView.swift; sourceTree = "<group>"; };
		3EFCC2E12FCCB482007ECA55 /* TrayRequestParsing.swift */ = {isa = PBXFileReference; lastKnownFileType = sourcecode.swift; path = TrayRequestParsing.swift; sourceTree = "<group>"; };
/* End PBXFileReference section */

/* Begin PBXFileSystemSynchronizedRootGroup section */
		3E1692CA2FB76D7900EDFAD9 /* HostTests */ = {
			isa = PBXFileSystemSynchronizedRootGroup;
			path = HostTests;
			sourceTree = "<group>";
		};
		3EBB984C2EA1C55900A71481 /* Host */ = {
			isa = PBXFileSystemSynchronizedRootGroup;
			path = Host;
			sourceTree = "<group>";
		};
/* End PBXFileSystemSynchronizedRootGroup section */

/* Begin PBXFrameworksBuildPhase section */
		3E1692C62FB76D7900EDFAD9 /* Frameworks */ = {
			isa = PBXFrameworksBuildPhase;
			buildActionMask = 2147483647;
			files = (
			);
			runOnlyForDeploymentPostprocessing = 0;
		};
		3EBB98472EA1C55900A71481 /* Frameworks */ = {
			isa = PBXFrameworksBuildPhase;
			buildActionMask = 2147483647;
			files = (
			);
			runOnlyForDeploymentPostprocessing = 0;
		};
/* End PBXFrameworksBuildPhase section */

/* Begin PBXGroup section */
		3E96FB0A2FC37F5F0001754D /* Features */ = {
			isa = PBXGroup;
			children = (
				3EFCC2D62FCA303D007ECA55 /* AIParsing */,
				3E96FB0D2FC3EF480001754D /* DecisionEngine */,
				3E96FB0C2FC3DF470001754D /* MenuAdmin */,
				3E96FB0B2FC37F690001754D /* DailySpecials */,
			);
			path = Features;
			sourceTree = "<group>";
		};
		3E96FB0B2FC37F690001754D /* DailySpecials */ = {
			isa = PBXGroup;
			children = (
				3EFCC2D32FC4CFD7007ECA55 /* CycleMenuStore.swift */,
				3E96FAC02FC37D7A0001754D /* DailySpecialModels.swift */,
				3E96FAC22FC37D7A0001754D /* DailySpecialStore.swift */,
				3E96FAC32FC37D7A0001754D /* DailySpecialView.swift */,
			);
			path = DailySpecials;
			sourceTree = "<group>";
		};
		3E96FB0C2FC3DF470001754D /* MenuAdmin */ = {
			isa = PBXGroup;
			children = (
				3E96FAD42FC37D7A0001754D /* MenuView.swift */,
				3E96FAD52FC37D7A0001754D /* MenuViewModel.swift */,
				3E96FACC2FC37D7A0001754D /* ItemView.swift */,
				3E96FACE2FC37D7A0001754D /* MenuAddView.swift */,
				3E96FACF2FC37D7A0001754D /* MenuBrowserView.swift */,
				3E96FAD02FC37D7A0001754D /* MenuDataProvider.swift */,
				3E96FAD22FC37D7A0001754D /* MenuItemStore.swift */,
				3E96FAD62FC37D7A0001754D /* MultiSelectToggle.swift */,
			);
			path = MenuAdmin;
			sourceTree = "<group>";
		};
		3E96FB0D2FC3EF480001754D /* DecisionEngine */ = {
			isa = PBXGroup;
			children = (
				3E96FB0F2FC3FB250001754D /* UI */,
				3E96FB102FC3FB400001754D /* Core */,
				3E96FB112FC3FC2E0001754D /* Domain */,
				3E96FB0E2FC3F8170001754D /* Rules */,
			);
			path = DecisionEngine;
			sourceTree = "<group>";
		};
		3E96FB0E2FC3F8170001754D /* Rules */ = {
			isa = PBXGroup;
			children = (
				3E96FAB32FC37D7A0001754D /* LowCarbRule.swift */,
				3E96FAB42FC37D7A0001754D /* LowSodiumRule.swift */,
				3E96FABA2FC37D7A0001754D /* VegetarianRule.swift */,
				3E96FAB72FC37D7A0001754D /* Rule.swift */,
				3E96FAB82FC37D7A0001754D /* RuleFactory.swift */,
				3E96FAB92FC37D7A0001754D /* RuleResult.swift */,
			);
			path = Rules;
			sourceTree = "<group>";
		};
		3E96FB0F2FC3FB250001754D /* UI */ = {
			isa = PBXGroup;
			children = (
				3E96FAD92FC37D7A0001754D /* TrayDetailView.swift */,
				3E96FADA2FC37D7A0001754D /* TrayRowView.swift */,
				3E96FADB2FC37D7A0001754D /* TraysListView.swift */,
				3E96FABF2FC37D7A0001754D /* CreateTrayView.swift */,
				3E96FAC42FC37D7A0001754D /* DecisionHistoryView.swift */,
				3E96FACA2FC37D7A0001754D /* ItemExplanationView.swift */,
				3E96FACB2FC37D7A0001754D /* ItemSelectionView.swift */,
				3E96FAD12FC37D7A0001754D /* MenuItemRow.swift */,
				3E96FAD32FC37D7A0001754D /* MenuRow.swift */,
				3E96FAC62FC37D7A0001754D /* DietKitIndicator.swift */,
			);
			path = UI;
			sourceTree = "<group>";
		};
		3E96FB102FC3FB400001754D /* Core */ = {
			isa = PBXGroup;
			children = (
				3E96FAC52FC37D7A0001754D /* DefaultTrayGenerator.swift */,
				3E96FAD72FC37D7A0001754D /* RulesEngine.swift */,
			);
			path = Core;
			sourceTree = "<group>";
		};
		3E96FB112FC3FC2E0001754D /* Domain */ = {
			isa = PBXGroup;
			children = (
				3E96FAAD2FC37D7A0001754D /* AutoTrayModels.swift */,
				3E96FAB02FC37D7A0001754D /* DecisionLog.swift */,
				3E96FAB12FC37D7A0001754D /* EvaluationModels.swift */,
			);
			path = Domain;
			sourceTree = "<group>";
		};
		3EBB98412EA1C55900A71481 = {
			isa = PBXGroup;
			children = (
				3E96FB0A2FC37F5F0001754D /* Features */,
				3EBB984C2EA1C55900A71481 /* Host */,
				3E1692D22FBFD4BC00EDFAD9 /* ReadMe.md */,
				3E1692CA2FB76D7900EDFAD9 /* HostTests */,
				3EBB984B2EA1C55900A71481 /* Products */,
			);
			sourceTree = "<group>";
		};
		3EBB984B2EA1C55900A71481 /* Products */ = {
			isa = PBXGroup;
			children = (
				3EBB984A2EA1C55900A71481 /* Host.app */,
				3E1692C92FB76D7900EDFAD9 /* HostTests.xctest */,
			);
			name = Products;
			sourceTree = "<group>";
		};
		3EFCC2D62FCA303D007ECA55 /* AIParsing */ = {
			isa = PBXGroup;
			children = (
				3EFCC2E12FCCB482007ECA55 /* TrayRequestParsing.swift */,
				3EFCC2DB2FCC82CA007ECA55 /* TrayRequestMapper.swift */,
				3EFCC2DD2FCC944E007ECA55 /* FakeTrayRequestParser.swift */,
				3EFCC2D92FCC7EAA007ECA55 /* TrayRequestExtraction.swift */,
				3EFCC2D72FCA304F007ECA55 /* ParsedTrayRequest.swift */,
				3EFCC2DF2FCC9CD7007ECA55 /* AIParsingView.swift */,
			);
			path = AIParsing;
			sourceTree = "<group>";
		};
/* End PBXGroup section */

/* Begin PBXNativeTarget section */
		3E1692C82FB76D7900EDFAD9 /* HostTests */ = {
			isa = PBXNativeTarget;
			buildConfigurationList = 3E1692CF2FB76D7900EDFAD9 /* Build configuration list for PBXNativeTarget "HostTests" */;
			buildPhases = (
				3E1692C52FB76D7900EDFAD9 /* Sources */,
				3E1692C62FB76D7900EDFAD9 /* Frameworks */,
				3E1692C72FB76D7900EDFAD9 /* Resources */,
			);
			buildRules = (
			);
			dependencies = (
				3E1692CE2FB76D7900EDFAD9 /* PBXTargetDependency */,
			);
			fileSystemSynchronizedGroups = (
				3E1692CA2FB76D7900EDFAD9 /* HostTests */,
			);
			name = HostTests;
			packageProductDependencies = (
			);
			productName = HostTests;
			productReference = 3E1692C92FB76D7900EDFAD9 /* HostTests.xctest */;
			productType = "com.apple.product-type.bundle.unit-test";
		};
		3EBB98492EA1C55900A71481 /* Host */ = {
			isa = PBXNativeTarget;
			buildConfigurationList = 3EBB98592EA1C55A00A71481 /* Build configuration list for PBXNativeTarget "Host" */;
			buildPhases = (
				3EBB98462EA1C55900A71481 /* Sources */,
				3EBB98472EA1C55900A71481 /* Frameworks */,
				3EBB98482EA1C55900A71481 /* Resources */,
			);
			buildRules = (
			);
			dependencies = (
			);
			fileSystemSynchronizedGroups = (
				3EBB984C2EA1C55900A71481 /* Host */,
			);
			name = Host;
			packageProductDependencies = (
			);
			productName = Host;
			productReference = 3EBB984A2EA1C55900A71481 /* Host.app */;
			productType = "com.apple.product-type.application";
		};
/* End PBXNativeTarget section */

/* Begin PBXProject section */
		3EBB98422EA1C55900A71481 /* Project object */ = {
			isa = PBXProject;
			attributes = {
				BuildIndependentTargetsInParallel = 1;
				LastSwiftUpdateCheck = 1620;
				LastUpgradeCheck = 1620;
				TargetAttributes = {
					3E1692C82FB76D7900EDFAD9 = {
						CreatedOnToolsVersion = 16.2;
						TestTargetID = 3EBB98492EA1C55900A71481;
					};
					3EBB98492EA1C55900A71481 = {
						CreatedOnToolsVersion = 16.2;
					};
				};
			};
			buildConfigurationList = 3EBB98452EA1C55900A71481 /* Build configuration list for PBXProject "Host" */;
			developmentRegion = en;
			hasScannedForEncodings = 0;
			knownRegions = (
				en,
				Base,
			);
			mainGroup = 3EBB98412EA1C55900A71481;
			minimizedProjectReferenceProxies = 1;
			preferredProjectObjectVersion = 77;
			productRefGroup = 3EBB984B2EA1C55900A71481 /* Products */;
			projectDirPath = "";
			projectRoot = "";
			targets = (
				3EBB98492EA1C55900A71481 /* Host */,
				3E1692C82FB76D7900EDFAD9 /* HostTests */,
			);
		};
/* End PBXProject section */

/* Begin PBXResourcesBuildPhase section */
		3E1692C72FB76D7900EDFAD9 /* Resources */ = {
			isa = PBXResourcesBuildPhase;
			buildActionMask = 2147483647;
			files = (
			);
			runOnlyForDeploymentPostprocessing = 0;
		};
		3EBB98482EA1C55900A71481 /* Resources */ = {
			isa = PBXResourcesBuildPhase;
			buildActionMask = 2147483647;
			files = (
				3E1692D42FBFD4CB00EDFAD9 /* ReadMe.md in Resources */,
			);
			runOnlyForDeploymentPostprocessing = 0;
		};
/* End PBXResourcesBuildPhase section */

/* Begin PBXSourcesBuildPhase section */
		3E1692C52FB76D7900EDFAD9 /* Sources */ = {
			isa = PBXSourcesBuildPhase;
			buildActionMask = 2147483647;
			files = (
			);
			runOnlyForDeploymentPostprocessing = 0;
		};
		3EBB98462EA1C55900A71481 /* Sources */ = {
			isa = PBXSourcesBuildPhase;
			buildActionMask = 2147483647;
			files = (
				3E96FADC2FC37D7A0001754D /* AutoTrayModels.swift in Sources */,
				3E96FADF2FC37D7A0001754D /* DecisionLog.swift in Sources */,
				3E96FAE02FC37D7A0001754D /* EvaluationModels.swift in Sources */,
				3E96FAE22FC37D7A0001754D /* LowCarbRule.swift in Sources */,
				3E96FAE32FC37D7A0001754D /* LowSodiumRule.swift in Sources */,
				3E96FAE62FC37D7A0001754D /* Rule.swift in Sources */,
				3E96FAE72FC37D7A0001754D /* RuleFactory.swift in Sources */,
				3E96FAE82FC37D7A0001754D /* RuleResult.swift in Sources */,
				3E96FAE92FC37D7A0001754D /* VegetarianRule.swift in Sources */,
				3EFCC2D42FC4CFE5007ECA55 /* CycleMenuStore.swift in Sources */,
				3E96FAEA2FC37D7A0001754D /* CreateTrayView.swift in Sources */,
				3E96FAEB2FC37D7A0001754D /* DailySpecialModels.swift in Sources */,
				3E96FAEC2FC37D7A0001754D /* DailySpecialStore.swift in Sources */,
				3E96FAED2FC37D7A0001754D /* DailySpecialView.swift in Sources */,
				3E96FAEE2FC37D7A0001754D /* DecisionHistoryView.swift in Sources */,
				3E96FAEF2FC37D7A0001754D /* DefaultTrayGenerator.swift in Sources */,
				3EFCC2DA2FCC7EB4007ECA55 /* TrayRequestExtraction.swift in Sources */,
				3EFCC2E02FCC9CD7007ECA55 /* AIParsingView.swift in Sources */,
				3EFCC2DC2FCC82D0007ECA55 /* TrayRequestMapper.swift in Sources */,
				3E96FAF02FC37D7A0001754D /* DietKitIndicator.swift in Sources */,
				3E96FAF32FC37D7A0001754D /* ItemExplanationView.swift in Sources */,
				3E96FAF42FC37D7A0001754D /* ItemSelectionView.swift in Sources */,
				3E96FAF52FC37D7A0001754D /* ItemView.swift in Sources */,
				3E96FAF62FC37D7A0001754D /* MenuAddView.swift in Sources */,
				3E96FAF72FC37D7A0001754D /* MenuBrowserView.swift in Sources */,
				3EFCC2DE2FCC945A007ECA55 /* FakeTrayRequestParser.swift in Sources */,
				3E96FAF82FC37D7A0001754D /* MenuDataProvider.swift in Sources */,
				3E96FAF92FC37D7A0001754D /* MenuItemRow.swift in Sources */,
				3E96FAFA2FC37D7A0001754D /* MenuItemStore.swift in Sources */,
				3E96FAFB2FC37D7A0001754D /* MenuRow.swift in Sources */,
				3E96FAFC2FC37D7A0001754D /* MenuView.swift in Sources */,
				3E96FAFD2FC37D7A0001754D /* MenuViewModel.swift in Sources */,
				3E96FAFE2FC37D7A0001754D /* MultiSelectToggle.swift in Sources */,
				3E96FAFF2FC37D7A0001754D /* RulesEngine.swift in Sources */,
				3EFCC2D82FCA307F007ECA55 /* ParsedTrayRequest.swift in Sources */,
				3EFCC2E22FCCB492007ECA55 /* TrayRequestParsing.swift in Sources */,
				3E96FB002FC37D7A0001754D /* TrayDetailView.swift in Sources */,
				3E96FB012FC37D7A0001754D /* TrayRowView.swift in Sources */,
				3E96FB022FC37D7A0001754D /* TraysListView.swift in Sources */,
			);
			runOnlyForDeploymentPostprocessing = 0;
		};
/* End PBXSourcesBuildPhase section */

/* Begin PBXTargetDependency section */
		3E1692CE2FB76D7900EDFAD9 /* PBXTargetDependency */ = {
			isa = PBXTargetDependency;
			target = 3EBB98492EA1C55900A71481 /* Host */;
			targetProxy = 3E1692CD2FB76D7900EDFAD9 /* PBXContainerItemProxy */;
		};
/* End PBXTargetDependency section */

/* Begin XCBuildConfiguration section */
		3E1692D02FB76D7900EDFAD9 /* Debug */ = {
			isa = XCBuildConfiguration;
			buildSettings = {
				BUNDLE_LOADER = "$(TEST_HOST)";
				CODE_SIGN_STYLE = Automatic;
				CURRENT_PROJECT_VERSION = 1;
				DEVELOPMENT_TEAM = 8HTCR265KP;
				GENERATE_INFOPLIST_FILE = YES;
				IPHONEOS_DEPLOYMENT_TARGET = 18.2;
				MARKETING_VERSION = 1.0;
				PRODUCT_BUNDLE_IDENTIFIER = me.gbadamassi.justin.HostTests;
				PRODUCT_NAME = "$(TARGET_NAME)";
				SDKROOT = iphoneos;
				SWIFT_EMIT_LOC_STRINGS = NO;
				SWIFT_VERSION = 5.0;
				TARGETED_DEVICE_FAMILY = "1,2";
				TEST_HOST = "$(BUILT_PRODUCTS_DIR)/Host.app/$(BUNDLE_EXECUTABLE_FOLDER_PATH)/Host";
			};
			name = Debug;
		};
		3E1692D12FB76D7900EDFAD9 /* Release */ = {
			isa = XCBuildConfiguration;
			buildSettings = {
				BUNDLE_LOADER = "$(TEST_HOST)";
				CODE_SIGN_STYLE = Automatic;
				CURRENT_PROJECT_VERSION = 1;
				DEVELOPMENT_TEAM = 8HTCR265KP;
				GENERATE_INFOPLIST_FILE = YES;
				IPHONEOS_DEPLOYMENT_TARGET = 18.2;
				MARKETING_VERSION = 1.0;
				PRODUCT_BUNDLE_IDENTIFIER = me.gbadamassi.justin.HostTests;
				PRODUCT_NAME = "$(TARGET_NAME)";
				SDKROOT = iphoneos;
				SWIFT_EMIT_LOC_STRINGS = NO;
				SWIFT_VERSION = 5.0;
				TARGETED_DEVICE_FAMILY = "1,2";
				TEST_HOST = "$(BUILT_PRODUCTS_DIR)/Host.app/$(BUNDLE_EXECUTABLE_FOLDER_PATH)/Host";
				VALIDATE_PRODUCT = YES;
			};
			name = Release;
		};
		3EBB98572EA1C55A00A71481 /* Debug */ = {
			isa = XCBuildConfiguration;
			buildSettings = {
				ALWAYS_SEARCH_USER_PATHS = NO;
				ASSETCATALOG_COMPILER_GENERATE_SWIFT_ASSET_SYMBOL_EXTENSIONS = YES;
				CLANG_ANALYZER_NONNULL = YES;
				CLANG_ANALYZER_NUMBER_OBJECT_CONVERSION = YES_AGGRESSIVE;
				CLANG_CXX_LANGUAGE_STANDARD = "gnu++20";
				CLANG_ENABLE_MODULES = YES;
				CLANG_ENABLE_OBJC_ARC = YES;
				CLANG_ENABLE_OBJC_WEAK = YES;
				CLANG_WARN_BLOCK_CAPTURE_AUTORELEASING = YES;
				CLANG_WARN_BOOL_CONVERSION = YES;
				CLANG_WARN_COMMA = YES;
				CLANG_WARN_CONSTANT_CONVERSION = YES;
				CLANG_WARN_DEPRECATED_OBJC_IMPLEMENTATIONS = YES;
				CLANG_WARN_DIRECT_OBJC_ISA_USAGE = YES_ERROR;
				CLANG_WARN_DOCUMENTATION_COMMENTS = YES;
				CLANG_WARN_EMPTY_BODY = YES;
				CLANG_WARN_ENUM_CONVERSION = YES;
				CLANG_WARN_INFINITE_RECURSION = YES;
				CLANG_WARN_INT_CONVERSION = YES;
				CLANG_WARN_NON_LITERAL_NULL_CONVERSION = YES;
				CLANG_WARN_OBJC_IMPLICIT_RETAIN_SELF = YES;
				CLANG_WARN_OBJC_LITERAL_CONVERSION = YES;
				CLANG_WARN_OBJC_ROOT_CLASS = YES_ERROR;
				CLANG_WARN_QUOTED_INCLUDE_IN_FRAMEWORK_HEADER = YES;
				CLANG_WARN_RANGE_LOOP_ANALYSIS = YES;
				CLANG_WARN_STRICT_PROTOTYPES = YES;
				CLANG_WARN_SUSPICIOUS_MOVE = YES;
				CLANG_WARN_UNGUARDED_AVAILABILITY = YES_AGGRESSIVE;
				CLANG_WARN_UNREACHABLE_CODE = YES;
				CLANG_WARN__DUPLICATE_METHOD_MATCH = YES;
				COPY_PHASE_STRIP = NO;
				DEBUG_INFORMATION_FORMAT = dwarf;
				ENABLE_STRICT_OBJC_MSGSEND = YES;
				ENABLE_TESTABILITY = YES;
				ENABLE_USER_SCRIPT_SANDBOXING = YES;
				GCC_C_LANGUAGE_STANDARD = gnu17;
				GCC_DYNAMIC_NO_PIC = NO;
				GCC_NO_COMMON_BLOCKS = YES;
				GCC_OPTIMIZATION_LEVEL = 0;
				GCC_PREPROCESSOR_DEFINITIONS = (
					"DEBUG=1",
					"$(inherited)",
				);
				GCC_WARN_64_TO_32_BIT_CONVERSION = YES;
				GCC_WARN_ABOUT_RETURN_TYPE = YES_ERROR;
				GCC_WARN_UNDECLARED_SELECTOR = YES;
				GCC_WARN_UNINITIALIZED_AUTOS = YES_AGGRESSIVE;
				GCC_WARN_UNUSED_FUNCTION = YES;
				GCC_WARN_UNUSED_VARIABLE = YES;
				LOCALIZATION_PREFERS_STRING_CATALOGS = YES;
				MTL_ENABLE_DEBUG_INFO = INCLUDE_SOURCE;
				MTL_FAST_MATH = YES;
				ONLY_ACTIVE_ARCH = YES;
				SWIFT_ACTIVE_COMPILATION_CONDITIONS = "DEBUG $(inherited)";
				SWIFT_OPTIMIZATION_LEVEL = "-Onone";
			};
			name = Debug;
		};
		3EBB98582EA1C55A00A71481 /* Release */ = {
			isa = XCBuildConfiguration;
			buildSettings = {
				ALWAYS_SEARCH_USER_PATHS = NO;
				ASSETCATALOG_COMPILER_GENERATE_SWIFT_ASSET_SYMBOL_EXTENSIONS = YES;
				CLANG_ANALYZER_NONNULL = YES;
				CLANG_ANALYZER_NUMBER_OBJECT_CONVERSION = YES_AGGRESSIVE;
				CLANG_CXX_LANGUAGE_STANDARD = "gnu++20";
				CLANG_ENABLE_MODULES = YES;
				CLANG_ENABLE_OBJC_ARC = YES;
				CLANG_ENABLE_OBJC_WEAK = YES;
				CLANG_WARN_BLOCK_CAPTURE_AUTORELEASING = YES;
				CLANG_WARN_BOOL_CONVERSION = YES;
				CLANG_WARN_COMMA = YES;
				CLANG_WARN_CONSTANT_CONVERSION = YES;
				CLANG_WARN_DEPRECATED_OBJC_IMPLEMENTATIONS = YES;
				CLANG_WARN_DIRECT_OBJC_ISA_USAGE = YES_ERROR;
				CLANG_WARN_DOCUMENTATION_COMMENTS = YES;
				CLANG_WARN_EMPTY_BODY = YES;
				CLANG_WARN_ENUM_CONVERSION = YES;
				CLANG_WARN_INFINITE_RECURSION = YES;
				CLANG_WARN_INT_CONVERSION = YES;
				CLANG_WARN_NON_LITERAL_NULL_CONVERSION = YES;
				CLANG_WARN_OBJC_IMPLICIT_RETAIN_SELF = YES;
				CLANG_WARN_OBJC_LITERAL_CONVERSION = YES;
				CLANG_WARN_OBJC_ROOT_CLASS = YES_ERROR;
				CLANG_WARN_QUOTED_INCLUDE_IN_FRAMEWORK_HEADER = YES;
				CLANG_WARN_RANGE_LOOP_ANALYSIS = YES;
				CLANG_WARN_STRICT_PROTOTYPES = YES;
				CLANG_WARN_SUSPICIOUS_MOVE = YES;
				CLANG_WARN_UNGUARDED_AVAILABILITY = YES_AGGRESSIVE;
				CLANG_WARN_UNREACHABLE_CODE = YES;
				CLANG_WARN__DUPLICATE_METHOD_MATCH = YES;
				COPY_PHASE_STRIP = NO;
				DEBUG_INFORMATION_FORMAT = "dwarf-with-dsym";
				ENABLE_NS_ASSERTIONS = NO;
				ENABLE_STRICT_OBJC_MSGSEND = YES;
				ENABLE_USER_SCRIPT_SANDBOXING = YES;
				GCC_C_LANGUAGE_STANDARD = gnu17;
				GCC_NO_COMMON_BLOCKS = YES;
				GCC_WARN_64_TO_32_BIT_CONVERSION = YES;
				GCC_WARN_ABOUT_RETURN_TYPE = YES_ERROR;
				GCC_WARN_UNDECLARED_SELECTOR = YES;
				GCC_WARN_UNINITIALIZED_AUTOS = YES_AGGRESSIVE;
				GCC_WARN_UNUSED_FUNCTION = YES;
				GCC_WARN_UNUSED_VARIABLE = YES;
				LOCALIZATION_PREFERS_STRING_CATALOGS = YES;
				MTL_ENABLE_DEBUG_INFO = NO;
				MTL_FAST_MATH = YES;
				SWIFT_COMPILATION_MODE = wholemodule;
			};
			name = Release;
		};
		3EBB985A2EA1C55A00A71481 /* Debug */ = {
			isa = XCBuildConfiguration;
			buildSettings = {
				ASSETCATALOG_COMPILER_APPICON_NAME = AppIcon;
				ASSETCATALOG_COMPILER_GLOBAL_ACCENT_COLOR_NAME = AccentColor;
				CODE_SIGN_ENTITLEMENTS = Host/Host.entitlements;
				CODE_SIGN_STYLE = Automatic;
				CURRENT_PROJECT_VERSION = 1;
				DEVELOPMENT_ASSET_PATHS = "\"Host/Preview Content\"";
				DEVELOPMENT_TEAM = 8HTCR265KP;
				ENABLE_HARDENED_RUNTIME = YES;
				ENABLE_PREVIEWS = YES;
				GENERATE_INFOPLIST_FILE = YES;
				"INFOPLIST_KEY_UIApplicationSceneManifest_Generation[sdk=iphoneos*]" = YES;
				"INFOPLIST_KEY_UIApplicationSceneManifest_Generation[sdk=iphonesimulator*]" = YES;
				"INFOPLIST_KEY_UIApplicationSupportsIndirectInputEvents[sdk=iphoneos*]" = YES;
				"INFOPLIST_KEY_UIApplicationSupportsIndirectInputEvents[sdk=iphonesimulator*]" = YES;
				"INFOPLIST_KEY_UILaunchScreen_Generation[sdk=iphoneos*]" = YES;
				"INFOPLIST_KEY_UILaunchScreen_Generation[sdk=iphonesimulator*]" = YES;
				"INFOPLIST_KEY_UIStatusBarStyle[sdk=iphoneos*]" = UIStatusBarStyleDefault;
				"INFOPLIST_KEY_UIStatusBarStyle[sdk=iphonesimulator*]" = UIStatusBarStyleDefault;
				INFOPLIST_KEY_UISupportedInterfaceOrientations_iPad = "UIInterfaceOrientationPortrait UIInterfaceOrientationPortraitUpsideDown UIInterfaceOrientationLandscapeLeft UIInterfaceOrientationLandscapeRight";
				INFOPLIST_KEY_UISupportedInterfaceOrientations_iPhone = "UIInterfaceOrientationPortrait UIInterfaceOrientationLandscapeLeft UIInterfaceOrientationLandscapeRight";
				IPHONEOS_DEPLOYMENT_TARGET = 18.2;
				LD_RUNPATH_SEARCH_PATHS = "@executable_path/Frameworks";
				"LD_RUNPATH_SEARCH_PATHS[sdk=macosx*]" = "@executable_path/../Frameworks";
				MACOSX_DEPLOYMENT_TARGET = 15.2;
				MARKETING_VERSION = 1.0;
				PRODUCT_BUNDLE_IDENTIFIER = me.gbadamassi.justin.Host;
				PRODUCT_NAME = "$(TARGET_NAME)";
				SDKROOT = auto;
				SUPPORTED_PLATFORMS = "iphoneos iphonesimulator macosx xros xrsimulator";
				SWIFT_EMIT_LOC_STRINGS = YES;
				SWIFT_VERSION = 5.0;
				TARGETED_DEVICE_FAMILY = "1,2,7";
				XROS_DEPLOYMENT_TARGET = 2.2;
			};
			name = Debug;
		};
		3EBB985B2EA1C55A00A71481 /* Release */ = {
			isa = XCBuildConfiguration;
			buildSettings = {
				ASSETCATALOG_COMPILER_APPICON_NAME = AppIcon;
				ASSETCATALOG_COMPILER_GLOBAL_ACCENT_COLOR_NAME = AccentColor;
				CODE_SIGN_ENTITLEMENTS = Host/Host.entitlements;
				CODE_SIGN_STYLE = Automatic;
				CURRENT_PROJECT_VERSION = 1;
				DEVELOPMENT_ASSET_PATHS = "\"Host/Preview Content\"";
				DEVELOPMENT_TEAM = 8HTCR265KP;
				ENABLE_HARDENED_RUNTIME = YES;
				ENABLE_PREVIEWS = YES;
				GENERATE_INFOPLIST_FILE = YES;
				"INFOPLIST_KEY_UIApplicationSceneManifest_Generation[sdk=iphoneos*]" = YES;
				"INFOPLIST_KEY_UIApplicationSceneManifest_Generation[sdk=iphonesimulator*]" = YES;
				"INFOPLIST_KEY_UIApplicationSupportsIndirectInputEvents[sdk=iphoneos*]" = YES;
				"INFOPLIST_KEY_UIApplicationSupportsIndirectInputEvents[sdk=iphonesimulator*]" = YES;
				"INFOPLIST_KEY_UILaunchScreen_Generation[sdk=iphoneos*]" = YES;
				"INFOPLIST_KEY_UILaunchScreen_Generation[sdk=iphonesimulator*]" = YES;
				"INFOPLIST_KEY_UIStatusBarStyle[sdk=iphoneos*]" = UIStatusBarStyleDefault;
				"INFOPLIST_KEY_UIStatusBarStyle[sdk=iphonesimulator*]" = UIStatusBarStyleDefault;
				INFOPLIST_KEY_UISupportedInterfaceOrientations_iPad = "UIInterfaceOrientationPortrait UIInterfaceOrientationPortraitUpsideDown UIInterfaceOrientationLandscapeLeft UIInterfaceOrientationLandscapeRight";
				INFOPLIST_KEY_UISupportedInterfaceOrientations_iPhone = "UIInterfaceOrientationPortrait UIInterfaceOrientationLandscapeLeft UIInterfaceOrientationLandscapeRight";
				IPHONEOS_DEPLOYMENT_TARGET = 18.2;
				LD_RUNPATH_SEARCH_PATHS = "@executable_path/Frameworks";
				"LD_RUNPATH_SEARCH_PATHS[sdk=macosx*]" = "@executable_path/../Frameworks";
				MACOSX_DEPLOYMENT_TARGET = 15.2;
				MARKETING_VERSION = 1.0;
				PRODUCT_BUNDLE_IDENTIFIER = me.gbadamassi.justin.Host;
				PRODUCT_NAME = "$(TARGET_NAME)";
				SDKROOT = auto;
				SUPPORTED_PLATFORMS = "iphoneos iphonesimulator macosx xros xrsimulator";
				SWIFT_EMIT_LOC_STRINGS = YES;
				SWIFT_VERSION = 5.0;
				TARGETED_DEVICE_FAMILY = "1,2,7";
				XROS_DEPLOYMENT_TARGET = 2.2;
			};
			name = Release;
		};
/* End XCBuildConfiguration section */

/* Begin XCConfigurationList section */
		3E1692CF2FB76D7900EDFAD9 /* Build configuration list for PBXNativeTarget "HostTests" */ = {
			isa = XCConfigurationList;
			buildConfigurations = (
				3E1692D02FB76D7900EDFAD9 /* Debug */,
				3E1692D12FB76D7900EDFAD9 /* Release */,
			);
			defaultConfigurationIsVisible = 0;
			defaultConfigurationName = Release;
		};
		3EBB98452EA1C55900A71481 /* Build configuration list for PBXProject "Host" */ = {
			isa = XCConfigurationList;
			buildConfigurations = (
				3EBB98572EA1C55A00A71481 /* Debug */,
				3EBB98582EA1C55A00A71481 /* Release */,
			);
			defaultConfigurationIsVisible = 0;
			defaultConfigurationName = Release;
		};
		3EBB98592EA1C55A00A71481 /* Build configuration list for PBXNativeTarget "Host" */ = {
			isa = XCConfigurationList;
			buildConfigurations = (
				3EBB985A2EA1C55A00A71481 /* Debug */,
				3EBB985B2EA1C55A00A71481 /* Release */,
			);
			defaultConfigurationIsVisible = 0;
			defaultConfigurationName = Release;
		};
/* End XCConfigurationList section */
	};
	rootObject = 3EBB98422EA1C55900A71481 /* Project object */;
}
